{
  "requires": true,
  "lockfileVersion": 1,
  "dependencies": {
    "jquery": {
      "version": "3.6.0",
      "resolved": "https://registry.npmjs.org/jquery/-/jquery-3.6.0.tgz",
      "integrity": "sha512-JVzAR/AjBvVt2BmYhxRCSYysDsPcssdmTFnzyLEts9qNwmjmu4JTAMYubEfwVOSwpQ1I1sKKFcxhZCI2buerfw=="
    },
    "jquery-particles": {
      "version": "1.36.0",
      "resolved": "https://registry.npmjs.org/jquery-particles/-/jquery-particles-1.36.0.tgz",
      "integrity": "sha512-I+0CxhJqdT7Dm/neHLvQioKxk0lsVyUNL4nN4IxKBUpLzON1dKuvFejfm/Yq0lGv4bRudio5CmoKUMqiEYO0Tg==",
      "requires": {
        "tsparticles": "^1.36.0"
      }
    },
    "tsparticles": {
      "version": "1.36.0",
      "resolved": "https://registry.npmjs.org/tsparticles/-/tsparticles-1.36.0.tgz",
      "integrity": "sha512-T3tvGmiQ2Q5rOxedjw4OjIFUOy+cQ7LAtlRsHTju4zRtqyebd97vwvDQ+ax7ufmR0CpzfifY3LKqqnx38oYtEg=="
    }
  }
}
