# THIS IS AN AUTOGENERATED FILE. DO NOT EDIT THIS FILE DIRECTLY.
# yarn lockfile v1


jquery-particles@^1.36.0:
  version "1.36.0"
  resolved "https://registry.yarnpkg.com/jquery-particles/-/jquery-particles-1.36.0.tgz#89cad94a3e4a47a17fa26b0128c199bb33522183"
  integrity sha512-I+0CxhJqdT7Dm/neHLvQioKxk0lsVyUNL4nN4IxKBUpLzON1dKuvFejfm/Yq0lGv4bRudio5CmoKUMqiEYO0Tg==
  dependencies:
    tsparticles "^1.36.0"

jquery@^3.6.0:
  version "3.6.0"
  resolved "https://registry.yarnpkg.com/jquery/-/jquery-3.6.0.tgz#c72a09f15c1bdce142f49dbf1170bdf8adac2470"
  integrity sha512-JVzAR/AjBvVt2BmYhxRCSYysDsPcssdmTFnzyLEts9qNwmjmu4JTAMYubEfwVOSwpQ1I1sKKFcxhZCI2buerfw==

tsparticles@^1.36.0:
  version "1.36.0"
  resolved "https://registry.yarnpkg.com/tsparticles/-/tsparticles-1.36.0.tgz#8ee6703fbc84faa2f4efa2b8516f1b0aa7199266"
  integrity sha512-T3tvGmiQ2Q5rOxedjw4OjIFUOy+cQ7LAtlRsHTju4zRtqyebd97vwvDQ+ax7ufmR0CpzfifY3LKqqnx38oYtEg==
